// !$*UTF8*$!
{
	archiveVersion = 1;
	classes = {
	};
	objectVersion = 50;
	objects = {

/* Begin PBXBuildFile section */
		FC90E82B207752AC00EFEC7F /* AppDelegate.swift in Sources */ = {isa = PBXBuildFile; fileRef = FC90E82A207752AC00EFEC7F /* AppDelegate.swift */; };
		FC90E82D207752AC00EFEC7F /* ViewController.swift in Sources */ = {isa = PBXBuildFile; fileRef = FC90E82C207752AC00EFEC7F /* ViewController.swift */; };
		FC90E830207752AC00EFEC7F /* Main.storyboard in Resources */ = {isa = PBXBuildFile; fileRef = FC90E82E207752AC00EFEC7F /* Main.storyboard */; };
		FC90E832207752AF00EFEC7F /* Assets.xcassets in Resources */ = {isa = PBXBuildFile; fileRef = FC90E831207752AF00EFEC7F /* Assets.xcassets */; };
		FC90E835207752AF00EFEC7F /* LaunchScreen.storyboard in Resources */ = {isa = PBXBuildFile; fileRef = FC90E833207752AF00EFEC7F /* LaunchScreen.storyboard */; };
		FC90E840207752AF00EFEC7F /* PresentTests.swift in Sources */ = {isa = PBXBuildFile; fileRef = FC90E83F207752AF00EFEC7F /* PresentTests.swift */; };
		FC90E84B207752AF00EFEC7F /* PresentUITests.swift in Sources */ = {isa = PBXBuildFile; fileRef = FC90E84A207752AF00EFEC7F /* PresentUITests.swift */; };
/* End PBXBuildFile section */

/* Begin PBXContainerItemProxy section */
		FC90E83C207752AF00EFEC7F /* PBXContainerItemProxy */ = {
			isa = PBXContainerItemProxy;
			containerPortal = FC90E81F207752AC00EFEC7F /* Project object */;
			proxyType = 1;
			remoteGlobalIDString = FC90E826207752AC00EFEC7F;
			remoteInfo = Present;
		};
		FC90E847207752AF00EFEC7F /* PBXContainerItemProxy */ = {
			isa = PBXContainerItemProxy;
			containerPortal = FC90E81F207752AC00EFEC7F /* Project object */;
			proxyType = 1;
			remoteGlobalIDString = FC90E826207752AC00EFEC7F;
			remoteInfo = Present;
		};
/* End PBXContainerItemProxy section */

/* Begin PBXFileReference section */
		FC90E827207752AC00EFEC7F /* Present.app */ = {isa = PBXFileReference; explicitFileType = wrapper.application; includeInIndex = 0; path = Present.app; sourceTree = BUILT_PRODUCTS_DIR; };
		FC90E82A207752AC00EFEC7F /* AppDelegate.swift */ = {isa = PBXFileReference; lastKnownFileType = sourcecode.swift; path = AppDelegate.swift; sourceTree = "<group>"; };
		FC90E82C207752AC00EFEC7F /* ViewController.swift */ = {isa = PBXFileReference; lastKnownFileType = sourcecode.swift; path = ViewController.swift; sourceTree = "<group>"; };
		FC90E82F207752AC00EFEC7F /* Base */ = {isa = PBXFileReference; lastKnownFileType = file.storyboard; name = Base; path = Base.lproj/Main.storyboard; sourceTree = "<group>"; };
		FC90E831207752AF00EFEC7F /* Assets.xcassets */ = {isa = PBXFileReference; lastKnownFileType = folder.assetcatalog; path = Assets.xcassets; sourceTree = "<group>"; };
		FC90E834207752AF00EFEC7F /* Base */ = {isa = PBXFileReference; lastKnownFileType = file.storyboard; name = Base; path = Base.lproj/LaunchScreen.storyboard; sourceTree = "<group>"; };
		FC90E836207752AF00EFEC7F /* Info.plist */ = {isa = PBXFileReference; lastKnownFileType = text.plist.xml; path = Info.plist; sourceTree = "<group>"; };
		FC90E83B207752AF00EFEC7F /* PresentTests.xctest */ = {isa = PBXFileReference; explicitFileType = wrapper.cfbundle; includeInIndex = 0; path = PresentTests.xctest; sourceTree = BUILT_PRODUCTS_DIR; };
		FC90E83F207752AF00EFEC7F /* PresentTests.swift */ = {isa = PBXFileReference; lastKnownFileType = sourcecode.swift; path = PresentTests.swift; sourceTree = "<group>"; };
		FC90E841207752AF00EFEC7F /* Info.plist */ = {isa = PBXFileReference; lastKnownFileType = text.plist.xml; path = Info.plist; sourceTree = "<group>"; };
		FC90E846207752AF00EFEC7F /* PresentUITests.xctest */ = {isa = PBXFileReference; explicitFileType = wrapper.cfbundle; includeInIndex = 0; path = PresentUITests.xctest; sourceTree = BUILT_PRODUCTS_DIR; };
		FC90E84A207752AF00EFEC7F /* PresentUITests.swift */ = {isa = PBXFileReference; lastKnownFileType = sourcecode.swift; path = PresentUITests.swift; sourceTree = "<group>"; };
		FC90E84C207752AF00EFEC7F /* Info.plist */ = {isa = PBXFileReference; lastKnownFileType = text.plist.xml; path = Info.plist; sourceTree = "<group>"; };
/* End PBXFileReference section */

/* Begin PBXFrameworksBuildPhase section */
		FC90E824207752AC00EFEC7F /* Frameworks */ = {
			isa = PBXFrameworksBuildPhase;
			buildActionMask = 2147483647;
			files = (
			);
			runOnlyForDeploymentPostprocessing = 0;
		};
		FC90E838207752AF00EFEC7F /* Frameworks */ = {
			isa = PBXFrameworksBuildPhase;
			buildActionMask = 2147483647;
			files = (
			);
			runOnlyForDeploymentPostprocessing = 0;
		};
		FC90E843207752AF00EFEC7F /* Frameworks */ = {
			isa = PBXFrameworksBuildPhase;
			buildActionMask = 2147483647;
			files = (
			);
			runOnlyForDeploymentPostprocessing = 0;
		};
/* End PBXFrameworksBuildPhase section */

/* Begin PBXGroup section */
		FC90E81E207752AC00EFEC7F = {
			isa = PBXGroup;
			children = (
				FC90E829207752AC00EFEC7F /* Present */,
				FC90E83E207752AF00EFEC7F /* PresentTests */,
				FC90E849207752AF00EFEC7F /* PresentUITests */,
				FC90E828207752AC00EFEC7F /* Products */,
			);
			sourceTree = "<group>";
		};
		FC90E828207752AC00EFEC7F /* Products */ = {
			isa = PBXGroup;
			children = (
				FC90E827207752AC00EFEC7F /* Present.app */,
				FC90E83B207752AF00EFEC7F /* PresentTests.xctest */,
				FC90E846207752AF00EFEC7F /* PresentUITests.xctest */,
			);
			name = Products;
			sourceTree = "<group>";
		};
		FC90E829207752AC00EFEC7F /* Present */ = {
			isa = PBXGroup;
			children = (
				FC90E82A207752AC00EFEC7F /* AppDelegate.swift */,
				FC90E82C207752AC00EFEC7F /* ViewController.swift */,
				FC90E82E207752AC00EFEC7F /* Main.storyboard */,
				FC90E831207752AF00EFEC7F /* Assets.xcassets */,
				FC90E833207752AF00EFEC7F /* LaunchScreen.storyboard */,
				FC90E836207752AF00EFEC7F /* Info.plist */,
			);
			path = Present;
			sourceTree = "<group>";
		};
		FC90E83E207752AF00EFEC7F /* PresentTests */ = {
			isa = PBXGroup;
			children = (
				FC90E83F207752AF00EFEC7F /* PresentTests.swift */,
				FC90E841207752AF00EFEC7F /* Info.plist */,
			);
			path = PresentTests;
			sourceTree = "<group>";
		};
		FC90E849207752AF00EFEC7F /* PresentUITests */ = {
			isa = PBXGroup;
			children = (
				FC90E84A207752AF00EFEC7F /* PresentUITests.swift */,
				FC90E84C207752AF00EFEC7F /* Info.plist */,
			);
			path = PresentUITests;
			sourceTree = "<group>";
		};
/* End PBXGroup section */

/* Begin PBXNativeTarget section */
		FC90E826207752AC00EFEC7F /* Present */ = {
			isa = PBXNativeTarget;
			buildConfigurationList = FC90E84F207752AF00EFEC7F /* Build configuration list for PBXNativeTarget "Present" */;
			buildPhases = (
				FC90E823207752AC00EFEC7F /* Sources */,
				FC90E824207752AC00EFEC7F /* Frameworks */,
				FC90E825207752AC00EFEC7F /* Resources */,
			);
			buildRules = (
			);
			dependencies = (
			);
			name = Present;
			productName = Present;
			productReference = FC90E827207752AC00EFEC7F /* Present.app */;
			productType = "com.apple.product-type.application";
		};
		FC90E83A207752AF00EFEC7F /* PresentTests */ = {
			isa = PBXNativeTarget;
			buildConfigurationList = FC90E852207752AF00EFEC7F /* Build configuration list for PBXNativeTarget "PresentTests" */;
			buildPhases = (
				FC90E837207752AF00EFEC7F /* Sources */,
				FC90E838207752AF00EFEC7F /* Frameworks */,
				FC90E839207752AF00EFEC7F /* Resources */,
			);
			buildRules = (
			);
			dependencies = (
				FC90E83D207752AF00EFEC7F /* PBXTargetDependency */,
			);
			name = PresentTests;
			productName = PresentTests;
			productReference = FC90E83B207752AF00EFEC7F /* PresentTests.xctest */;
			productType = "com.apple.product-type.bundle.unit-test";
		};
		FC90E845207752AF00EFEC7F /* PresentUITests */ = {
			isa = PBXNativeTarget;
			buildConfigurationList = FC90E855207752AF00EFEC7F /* Build configuration list for PBXNativeTarget "PresentUITests" */;
			buildPhases = (
				FC90E842207752AF00EFEC7F /* Sources */,
				FC90E843207752AF00EFEC7F /* Frameworks */,
				FC90E844207752AF00EFEC7F /* Resources */,
			);
			buildRules = (
			);
			dependencies = (
				FC90E848207752AF00EFEC7F /* PBXTargetDependency */,
			);
			name = PresentUITests;
			productName = PresentUITests;
			productReference = FC90E846207752AF00EFEC7F /* PresentUITests.xctest */;
			productType = "com.apple.product-type.bundle.ui-testing";
		};
/* End PBXNativeTarget section */

/* Begin PBXProject section */
		FC90E81F207752AC00EFEC7F /* Project object */ = {
			isa = PBXProject;
			attributes = {
				LastSwiftUpdateCheck = 0930;
				LastUpgradeCheck = 0930;
				ORGANIZATIONNAME = omrobbie;
				TargetAttributes = {
					FC90E826207752AC00EFEC7F = {
						CreatedOnToolsVersion = 9.3;
					};
					FC90E83A207752AF00EFEC7F = {
						CreatedOnToolsVersion = 9.3;
						TestTargetID = FC90E826207752AC00EFEC7F;
					};
					FC90E845207752AF00EFEC7F = {
						CreatedOnToolsVersion = 9.3;
						TestTargetID = FC90E826207752AC00EFEC7F;
					};
				};
			};
			buildConfigurationList = FC90E822207752AC00EFEC7F /* Build configuration list for PBXProject "Present" */;
			compatibilityVersion = "Xcode 9.3";
			developmentRegion = en;
			hasScannedForEncodings = 0;
			knownRegions = (
				en,
				Base,
			);
			mainGroup = FC90E81E207752AC00EFEC7F;
			productRefGroup = FC90E828207752AC00EFEC7F /* Products */;
			projectDirPath = "";
			projectRoot = "";
			targets = (
				FC90E826207752AC00EFEC7F /* Present */,
				FC90E83A207752AF00EFEC7F /* PresentTests */,
				FC90E845207752AF00EFEC7F /* PresentUITests */,
			);
		};
/* End PBXProject section */

/* Begin PBXResourcesBuildPhase section */
		FC90E825207752AC00EFEC7F /* Resources */ = {
			isa = PBXResourcesBuildPhase;
			buildActionMask = 2147483647;
			files = (
				FC90E835207752AF00EFEC7F /* LaunchScreen.storyboard in Resources */,
				FC90E832207752AF00EFEC7F /* Assets.xcassets in Resources */,
				FC90E830207752AC00EFEC7F /* Main.storyboard in Resources */,
			);
			runOnlyForDeploymentPostprocessing = 0;
		};
		FC90E839207752AF00EFEC7F /* Resources */ = {
			isa = PBXResourcesBuildPhase;
			buildActionMask = 2147483647;
			files = (
			);
			runOnlyForDeploymentPostprocessing = 0;
		};
		FC90E844207752AF00EFEC7F /* Resources */ = {
			isa = PBXResourcesBuildPhase;
			buildActionMask = 2147483647;
			files = (
			);
			runOnlyForDeploymentPostprocessing = 0;
		};
/* End PBXResourcesBuildPhase section */

/* Begin PBXSourcesBuildPhase section */
		FC90E823207752AC00EFEC7F /* Sources */ = {
			isa = PBXSourcesBuildPhase;
			buildActionMask = 2147483647;
			files = (
				FC90E82D207752AC00EFEC7F /* ViewController.swift in Sources */,
				FC90E82B207752AC00EFEC7F /* AppDelegate.swift in Sources */,
			);
			runOnlyForDeploymentPostprocessing = 0;
		};
		FC90E837207752AF00EFEC7F /* Sources */ = {
			isa = PBXSourcesBuildPhase;
			buildActionMask = 2147483647;
			files = (
				FC90E840207752AF00EFEC7F /* PresentTests.swift in Sources */,
			);
			runOnlyForDeploymentPostprocessing = 0;
		};
		FC90E842207752AF00EFEC7F /* Sources */ = {
			isa = PBXSourcesBuildPhase;
			buildActionMask = 2147483647;
			files = (
				FC90E84B207752AF00EFEC7F /* PresentUITests.swift in Sources */,
			);
			runOnlyForDeploymentPostprocessing = 0;
		};
/* End PBXSourcesBuildPhase section */

/* Begin PBXTargetDependency section */
		FC90E83D207752AF00EFEC7F /* PBXTargetDependency */ = {
			isa = PBXTargetDependency;
			target = FC90E826207752AC00EFEC7F /* Present */;
			targetProxy = FC90E83C207752AF00EFEC7F /* PBXContainerItemProxy */;
		};
		FC90E848207752AF00EFEC7F /* PBXTargetDependency */ = {
			isa = PBXTargetDependency;
			target = FC90E826207752AC00EFEC7F /* Present */;
			targetProxy = FC90E847207752AF00EFEC7F /* PBXContainerItemProxy */;
		};
/* End PBXTargetDependency section */

/* Begin PBXVariantGroup section */
		FC90E82E207752AC00EFEC7F /* Main.storyboard */ = {
			isa = PBXVariantGroup;
			children = (
				FC90E82F207752AC00EFEC7F /* Base */,
			);
			name = Main.storyboard;
			sourceTree = "<group>";
		};
		FC90E833207752AF00EFEC7F /* LaunchScreen.storyboard */ = {
			isa = PBXVariantGroup;
			children = (
				FC90E834207752AF00EFEC7F /* Base */,
			);
			name = LaunchScreen.storyboard;
			sourceTree = "<group>";
		};
/* End PBXVariantGroup section */

/* Begin XCBuildConfiguration section */
		FC90E84D207752AF00EFEC7F /* Debug */ = {
			isa = XCBuildConfiguration;
			buildSettings = {
				ALWAYS_SEARCH_USER_PATHS = NO;
				CLANG_ANALYZER_NONNULL = YES;
				CLANG_ANALYZER_NUMBER_OBJECT_CONVERSION = YES_AGGRESSIVE;
				CLANG_CXX_LANGUAGE_STANDARD = "gnu++14";
				CLANG_CXX_LIBRARY = "libc++";
				CLANG_ENABLE_MODULES = YES;
				CLANG_ENABLE_OBJC_ARC = YES;
				CLANG_ENABLE_OBJC_WEAK = YES;
				CLANG_WARN_BLOCK_CAPTURE_AUTORELEASING = YES;
				CLANG_WARN_BOOL_CONVERSION = YES;
				CLANG_WARN_COMMA = YES;
				CLANG_WARN_CONSTANT_CONVERSION = YES;
				CLANG_WARN_DEPRECATED_OBJC_IMPLEMENTATIONS = YES;
				CLANG_WARN_DIRECT_OBJC_ISA_USAGE = YES_ERROR;
				CLANG_WARN_DOCUMENTATION_COMMENTS = YES;
				CLANG_WARN_EMPTY_BODY = YES;
				CLANG_WARN_ENUM_CONVERSION = YES;
				CLANG_WARN_INFINITE_RECURSION = YES;
				CLANG_WARN_INT_CONVERSION = YES;
				CLANG_WARN_NON_LITERAL_NULL_CONVERSION = YES;
				CLANG_WARN_OBJC_IMPLICIT_RETAIN_SELF = YES;
				CLANG_WARN_OBJC_LITERAL_CONVERSION = YES;
				CLANG_WARN_OBJC_ROOT_CLASS = YES_ERROR;
				CLANG_WARN_RANGE_LOOP_ANALYSIS = YES;
				CLANG_WARN_STRICT_PROTOTYPES = YES;
				CLANG_WARN_SUSPICIOUS_MOVE = YES;
				CLANG_WARN_UNGUARDED_AVAILABILITY = YES_AGGRESSIVE;
				CLANG_WARN_UNREACHABLE_CODE = YES;
				CLANG_WARN__DUPLICATE_METHOD_MATCH = YES;
				CODE_SIGN_IDENTITY = "iPhone Developer";
				COPY_PHASE_STRIP = NO;
				DEBUG_INFORMATION_FORMAT = dwarf;
				ENABLE_STRICT_OBJC_MSGSEND = YES;
				ENABLE_TESTABILITY = YES;
				GCC_C_LANGUAGE_STANDARD = gnu11;
				GCC_DYNAMIC_NO_PIC = NO;
				GCC_NO_COMMON_BLOCKS = YES;
				GCC_OPTIMIZATION_LEVEL = 0;
				GCC_PREPROCESSOR_DEFINITIONS = (
					"DEBUG=1",
					"$(inherited)",
				);
				GCC_WARN_64_TO_32_BIT_CONVERSION = YES;
				GCC_WARN_ABOUT_RETURN_TYPE = YES_ERROR;
				GCC_WARN_UNDECLARED_SELECTOR = YES;
				GCC_WARN_UNINITIALIZED_AUTOS = YES_AGGRESSIVE;
				GCC_WARN_UNUSED_FUNCTION = YES;
				GCC_WARN_UNUSED_VARIABLE = YES;
				IPHONEOS_DEPLOYMENT_TARGET = 11.3;
				MTL_ENABLE_DEBUG_INFO = YES;
				ONLY_ACTIVE_ARCH = YES;
				SDKROOT = iphoneos;
				SWIFT_ACTIVE_COMPILATION_CONDITIONS = DEBUG;
				SWIFT_OPTIMIZATION_LEVEL = "-Onone";
			};
			name = Debug;
		};
		FC90E84E207752AF00EFEC7F /* Release */ = {
			isa = XCBuildConfiguration;
			buildSettings = {
				ALWAYS_SEARCH_USER_PATHS = NO;
				CLANG_ANALYZER_NONNULL = YES;
				CLANG_ANALYZER_NUMBER_OBJECT_CONVERSION = YES_AGGRESSIVE;
				CLANG_CXX_LANGUAGE_STANDARD = "gnu++14";
				CLANG_CXX_LIBRARY = "libc++";
				CLANG_ENABLE_MODULES = YES;
				CLANG_ENABLE_OBJC_ARC = YES;
				CLANG_ENABLE_OBJC_WEAK = YES;
				CLANG_WARN_BLOCK_CAPTURE_AUTORELEASING = YES;
				CLANG_WARN_BOOL_CONVERSION = YES;
				CLANG_WARN_COMMA = YES;
				CLANG_WARN_CONSTANT_CONVERSION = YES;
				CLANG_WARN_DEPRECATED_OBJC_IMPLEMENTATIONS = YES;
				CLANG_WARN_DIRECT_OBJC_ISA_USAGE = YES_ERROR;
				CLANG_WARN_DOCUMENTATION_COMMENTS = YES;
				CLANG_WARN_EMPTY_BODY = YES;
				CLANG_WARN_ENUM_CONVERSION = YES;
				CLANG_WARN_INFINITE_RECURSION = YES;
				CLANG_WARN_INT_CONVERSION = YES;
				CLANG_WARN_NON_LITERAL_NULL_CONVERSION = YES;
				CLANG_WARN_OBJC_IMPLICIT_RETAIN_SELF = YES;
				CLANG_WARN_OBJC_LITERAL_CONVERSION = YES;
				CLANG_WARN_OBJC_ROOT_CLASS = YES_ERROR;
				CLANG_WARN_RANGE_LOOP_ANALYSIS = YES;
				CLANG_WARN_STRICT_PROTOTYPES = YES;
				CLANG_WARN_SUSPICIOUS_MOVE = YES;
				CLANG_WARN_UNGUARDED_AVAILABILITY = YES_AGGRESSIVE;
				CLANG_WARN_UNREACHABLE_CODE = YES;
				CLANG_WARN__DUPLICATE_METHOD_MATCH = YES;
				CODE_SIGN_IDENTITY = "iPhone Developer";
				COPY_PHASE_STRIP = NO;
				DEBUG_INFORMATION_FORMAT = "dwarf-with-dsym";
				ENABLE_NS_ASSERTIONS = NO;
				ENABLE_STRICT_OBJC_MSGSEND = YES;
				GCC_C_LANGUAGE_STANDARD = gnu11;
				GCC_NO_COMMON_BLOCKS = YES;
				GCC_WARN_64_TO_32_BIT_CONVERSION = YES;
				GCC_WARN_ABOUT_RETURN_TYPE = YES_ERROR;
				GCC_WARN_UNDECLARED_SELECTOR = YES;
				GCC_WARN_UNINITIALIZED_AUTOS = YES_AGGRESSIVE;
				GCC_WARN_UNUSED_FUNCTION = YES;
				GCC_WARN_UNUSED_VARIABLE = YES;
				IPHONEOS_DEPLOYMENT_TARGET = 11.3;
				MTL_ENABLE_DEBUG_INFO = NO;
				SDKROOT = iphoneos;
				SWIFT_COMPILATION_MODE = wholemodule;
				SWIFT_OPTIMIZATION_LEVEL = "-O";
				VALIDATE_PRODUCT = YES;
			};
			name = Release;
		};
		FC90E850207752AF00EFEC7F /* Debug */ = {
			isa = XCBuildConfiguration;
			buildSettings = {
				ASSETCATALOG_COMPILER_APPICON_NAME = AppIcon;
				CODE_SIGN_STYLE = Automatic;
				DEVELOPMENT_TEAM = 3SMXMP42NY;
				INFOPLIST_FILE = Present/Info.plist;
				LD_RUNPATH_SEARCH_PATHS = (
					"$(inherited)",
					"@executable_path/Frameworks",
				);
				PRODUCT_BUNDLE_IDENTIFIER = com.omrobbie.Present;
				PRODUCT_NAME = "$(TARGET_NAME)";
				SWIFT_VERSION = 4.0;
				TARGETED_DEVICE_FAMILY = "1,2";
			};
			name = Debug;
		};
		FC90E851207752AF00EFEC7F /* Release */ = {
			isa = XCBuildConfiguration;
			buildSettings = {
				ASSETCATALOG_COMPILER_APPICON_NAME = AppIcon;
				CODE_SIGN_STYLE = Automatic;
				DEVELOPMENT_TEAM = 3SMXMP42NY;
				INFOPLIST_FILE = Present/Info.plist;
				LD_RUNPATH_SEARCH_PATHS = (
					"$(inherited)",
					"@executable_path/Frameworks",
				);
				PRODUCT_BUNDLE_IDENTIFIER = com.omrobbie.Present;
				PRODUCT_NAME = "$(TARGET_NAME)";
				SWIFT_VERSION = 4.0;
				TARGETED_DEVICE_FAMILY = "1,2";
			};
			name = Release;
		};
		FC90E853207752AF00EFEC7F /* Debug */ = {
			isa = XCBuildConfiguration;
			buildSettings = {
				ALWAYS_EMBED_SWIFT_STANDARD_LIBRARIES = YES;
				BUNDLE_LOADER = "$(TEST_HOST)";
				CODE_SIGN_STYLE = Automatic;
				DEVELOPMENT_TEAM = 3SMXMP42NY;
				INFOPLIST_FILE = PresentTests/Info.plist;
				LD_RUNPATH_SEARCH_PATHS = (
					"$(inherited)",
					"@executable_path/Frameworks",
					"@loader_path/Frameworks",
				);
				PRODUCT_BUNDLE_IDENTIFIER = com.omrobbie.PresentTests;
				PRODUCT_NAME = "$(TARGET_NAME)";
				SWIFT_VERSION = 4.0;
				TARGETED_DEVICE_FAMILY = "1,2";
				TEST_HOST = "$(BUILT_PRODUCTS_DIR)/Present.app/Present";
			};
			name = Debug;
		};
		FC90E854207752AF00EFEC7F /* Release */ = {
			isa = XCBuildConfiguration;
			buildSettings = {
				ALWAYS_EMBED_SWIFT_STANDARD_LIBRARIES = YES;
				BUNDLE_LOADER = "$(TEST_HOST)";
				CODE_SIGN_STYLE = Automatic;
				DEVELOPMENT_TEAM = 3SMXMP42NY;
				INFOPLIST_FILE = PresentTests/Info.plist;
				LD_RUNPATH_SEARCH_PATHS = (
					"$(inherited)",
					"@executable_path/Frameworks",
					"@loader_path/Frameworks",
				);
				PRODUCT_BUNDLE_IDENTIFIER = com.omrobbie.PresentTests;
				PRODUCT_NAME = "$(TARGET_NAME)";
				SWIFT_VERSION = 4.0;
				TARGETED_DEVICE_FAMILY = "1,2";
				TEST_HOST = "$(BUILT_PRODUCTS_DIR)/Present.app/Present";
			};
			name = Release;
		};
		FC90E856207752AF00EFEC7F /* Debug */ = {
			isa = XCBuildConfiguration;
			buildSettings = {
				ALWAYS_EMBED_SWIFT_STANDARD_LIBRARIES = YES;
				CODE_SIGN_STYLE = Automatic;
				DEVELOPMENT_TEAM = 3SMXMP42NY;
				INFOPLIST_FILE = PresentUITests/Info.plist;
				LD_RUNPATH_SEARCH_PATHS = (
					"$(inherited)",
					"@executable_path/Frameworks",
					"@loader_path/Frameworks",
				);
				PRODUCT_BUNDLE_IDENTIFIER = com.omrobbie.PresentUITests;
				PRODUCT_NAME = "$(TARGET_NAME)";
				SWIFT_VERSION = 4.0;
				TARGETED_DEVICE_FAMILY = "1,2";
				TEST_TARGET_NAME = Present;
			};
			name = Debug;
		};
		FC90E857207752AF00EFEC7F /* Release */ = {
			isa = XCBuildConfiguration;
			buildSettings = {
				ALWAYS_EMBED_SWIFT_STANDARD_LIBRARIES = YES;
				CODE_SIGN_STYLE = Automatic;
				DEVELOPMENT_TEAM = 3SMXMP42NY;
				INFOPLIST_FILE = PresentUITests/Info.plist;
				LD_RUNPATH_SEARCH_PATHS = (
					"$(inherited)",
					"@executable_path/Frameworks",
					"@loader_path/Frameworks",
				);
				PRODUCT_BUNDLE_IDENTIFIER = com.omrobbie.PresentUITests;
				PRODUCT_NAME = "$(TARGET_NAME)";
				SWIFT_VERSION = 4.0;
				TARGETED_DEVICE_FAMILY = "1,2";
				TEST_TARGET_NAME = Present;
			};
			name = Release;
		};
/* End XCBuildConfiguration section */

/* Begin XCConfigurationList section */
		FC90E822207752AC00EFEC7F /* Build configuration list for PBXProject "Present" */ = {
			isa = XCConfigurationList;
			buildConfigurations = (
				FC90E84D207752AF00EFEC7F /* Debug */,
				FC90E84E207752AF00EFEC7F /* Release */,
			);
			defaultConfigurationIsVisible = 0;
			defaultConfigurationName = Release;
		};
		FC90E84F207752AF00EFEC7F /* Build configuration list for PBXNativeTarget "Present" */ = {
			isa = XCConfigurationList;
			buildConfigurations = (
				FC90E850207752AF00EFEC7F /* Debug */,
				FC90E851207752AF00EFEC7F /* Release */,
			);
			defaultConfigurationIsVisible = 0;
			defaultConfigurationName = Release;
		};
		FC90E852207752AF00EFEC7F /* Build configuration list for PBXNativeTarget "PresentTests" */ = {
			isa = XCConfigurationList;
			buildConfigurations = (
				FC90E853207752AF00EFEC7F /* Debug */,
				FC90E854207752AF00EFEC7F /* Release */,
			);
			defaultConfigurationIsVisible = 0;
			defaultConfigurationName = Release;
		};
		FC90E855207752AF00EFEC7F /* Build configuration list for PBXNativeTarget "PresentUITests" */ = {
			isa = XCConfigurationList;
			buildConfigurations = (
				FC90E856207752AF00EFEC7F /* Debug */,
				FC90E857207752AF00EFEC7F /* Release */,
			);
			defaultConfigurationIsVisible = 0;
			defaultConfigurationName = Release;
		};
/* End XCConfigurationList section */
	};
	rootObject = FC90E81F207752AC00EFEC7F /* Project object */;
}
